
Microsoft Visual Studio Solution File, Format Version 11.00
# Visual Studio 2010
Project("{FAE04EC0-301F-11D3-BF4B-00C04F79EFBC}") = "Google.Auth", "Google.Auth\Google.Auth.csproj", "{0674EE42-9B21-4B3B-AEB8-D47DDD8FFBDB}"
EndProject
Project("{FAE04EC0-301F-11D3-BF4B-00C04F79EFBC}") = "Google.Auth.Examples.OAuth3Legged", "Google.Auth.Examples.OAuth3Legged\Google.Auth.Examples.OAuth3Legged.csproj", "{EFF7AC09-AD0A-4AD4-9D80-A3C79F52AEEA}"
EndProject
Global
	GlobalSection(SolutionConfigurationPlatforms) = preSolution
		Debug|Any CPU = Debug|Any CPU
		Debug|Mixed Platforms = Debug|Mixed Platforms
		Debug|x86 = Debug|x86
		Release|Any CPU = Release|Any CPU
		Release|Mixed Platforms = Release|Mixed Platforms
		Release|x86 = Release|x86
	EndGlobalSection
	GlobalSection(ProjectConfigurationPlatforms) = postSolution
		{0674EE42-9B21-4B3B-AEB8-D47DDD8FFBDB}.Debug|Any CPU.ActiveCfg = Debug|Any CPU
		{0674EE42-9B21-4B3B-AEB8-D47DDD8FFBDB}.Debug|Any CPU.Build.0 = Debug|Any CPU
		{0674EE42-9B21-4B3B-AEB8-D47DDD8FFBDB}.Debug|Mixed Platforms.ActiveCfg = Debug|Any CPU
		{0674EE42-9B21-4B3B-AEB8-D47DDD8FFBDB}.Debug|Mixed Platforms.Build.0 = Debug|Any CPU
		{0674EE42-9B21-4B3B-AEB8-D47DDD8FFBDB}.Debug|x86.ActiveCfg = Debug|Any CPU
		{0674EE42-9B21-4B3B-AEB8-D47DDD8FFBDB}.Release|Any CPU.ActiveCfg = Release|Any CPU
		{0674EE42-9B21-4B3B-AEB8-D47DDD8FFBDB}.Release|Any CPU.Build.0 = Release|Any CPU
		{0674EE42-9B21-4B3B-AEB8-D47DDD8FFBDB}.Release|Mixed Platforms.ActiveCfg = Release|Any CPU
		{0674EE42-9B21-4B3B-AEB8-D47DDD8FFBDB}.Release|Mixed Platforms.Build.0 = Release|Any CPU
		{0674EE42-9B21-4B3B-AEB8-D47DDD8FFBDB}.Release|x86.ActiveCfg = Release|Any CPU
		{EFF7AC09-AD0A-4AD4-9D80-A3C79F52AEEA}.Debug|Any CPU.ActiveCfg = Debug|x86
		{EFF7AC09-AD0A-4AD4-9D80-A3C79F52AEEA}.Debug|Mixed Platforms.ActiveCfg = Debug|x86
		{EFF7AC09-AD0A-4AD4-9D80-A3C79F52AEEA}.Debug|Mixed Platforms.Build.0 = Debug|x86
		{EFF7AC09-AD0A-4AD4-9D80-A3C79F52AEEA}.Debug|x86.ActiveCfg = Debug|x86
		{EFF7AC09-AD0A-4AD4-9D80-A3C79F52AEEA}.Debug|x86.Build.0 = Debug|x86
		{EFF7AC09-AD0A-4AD4-9D80-A3C79F52AEEA}.Release|Any CPU.ActiveCfg = Release|x86
		{EFF7AC09-AD0A-4AD4-9D80-A3C79F52AEEA}.Release|Mixed Platforms.ActiveCfg = Release|x86
		{EFF7AC09-AD0A-4AD4-9D80-A3C79F52AEEA}.Release|Mixed Platforms.Build.0 = Release|x86
		{EFF7AC09-AD0A-4AD4-9D80-A3C79F52AEEA}.Release|x86.ActiveCfg = Release|x86
		{EFF7AC09-AD0A-4AD4-9D80-A3C79F52AEEA}.Release|x86.Build.0 = Release|x86
	EndGlobalSection
	GlobalSection(SolutionProperties) = preSolution
		HideSolutionNode = FALSE
	EndGlobalSection
EndGlobal
